// !$*UTF8*$!
{
	archiveVersion = 1;
	classes = {
	};
	objectVersion = 46;
	objects = {

/* Begin PBXBuildFile section */
		A12C0EB51C125B1D00A879DC /* AppDelegate.swift in Sources */ = {isa = PBXBuildFile; fileRef = A12C0EB41C125B1D00A879DC /* AppDelegate.swift */; };
		A12C0EB71C125B1D00A879DC /* ViewController.swift in Sources */ = {isa = PBXBuildFile; fileRef = A12C0EB61C125B1D00A879DC /* ViewController.swift */; };
		A12C0EBA1C125B1D00A879DC /* Main.storyboard in Resources */ = {isa = PBXBuildFile; fileRef = A12C0EB81C125B1D00A879DC /* Main.storyboard */; };
		A12C0EBC1C125B1D00A879DC /* Assets.xcassets in Resources */ = {isa = PBXBuildFile; fileRef = A12C0EBB1C125B1D00A879DC /* Assets.xcassets */; };
		A12C0EBF1C125B1D00A879DC /* LaunchScreen.storyboard in Resources */ = {isa = PBXBuildFile; fileRef = A12C0EBD1C125B1D00A879DC /* LaunchScreen.storyboard */; };
		A12C0EC71C1533EC00A879DC /* SettingsViewController.swift in Sources */ = {isa = PBXBuildFile; fileRef = A12C0EC61C1533EC00A879DC /* SettingsViewController.swift */; };
/* End PBXBuildFile section */

/* Begin PBXFileReference section */
		A12C0EB11C125B1D00A879DC /* tipCalc.app */ = {isa = PBXFileReference; explicitFileType = wrapper.application; includeInIndex = 0; path = tipCalc.app; sourceTree = BUILT_PRODUCTS_DIR; };
		A12C0EB41C125B1D00A879DC /* AppDelegate.swift */ = {isa = PBXFileReference; lastKnownFileType = sourcecode.swift; path = AppDelegate.swift; sourceTree = "<group>"; };
		A12C0EB61C125B1D00A879DC /* ViewController.swift */ = {isa = PBXFileReference; lastKnownFileType = sourcecode.swift; path = ViewController.swift; sourceTree = "<group>"; };
		A12C0EB91C125B1D00A879DC /* Base */ = {isa = PBXFileReference; lastKnownFileType = file.storyboard; name = Base; path = Base.lproj/Main.storyboard; sourceTree = "<group>"; };
		A12C0EBB1C125B1D00A879DC /* Assets.xcassets */ = {isa = PBXFileReference; lastKnownFileType = folder.assetcatalog; path = Assets.xcassets; sourceTree = "<group>"; };
		A12C0EBE1C125B1D00A879DC /* Base */ = {isa = PBXFileReference; lastKnownFileType = file.storyboard; name = Base; path = Base.lproj/LaunchScreen.storyboard; sourceTree = "<group>"; };
		A12C0EC01C125B1D00A879DC /* Info.plist */ = {isa = PBXFileReference; lastKnownFileType = text.plist.xml; path = Info.plist; sourceTree = "<group>"; };
		A12C0EC61C1533EC00A879DC /* SettingsViewController.swift */ = {isa = PBXFileReference; fileEncoding = 4; lastKnownFileType = sourcecode.swift; path = SettingsViewController.swift; sourceTree = "<group>"; };
/* End PBXFileReference section */

/* Begin PBXFrameworksBuildPhase section */
		A12C0EAE1C125B1D00A879DC /* Frameworks */ = {
			isa = PBXFrameworksBuildPhase;
			buildActionMask = 2147483647;
			files = (
			);
			runOnlyForDeploymentPostprocessing = 0;
		};
/* End PBXFrameworksBuildPhase section */

/* Begin PBXGroup section */
		A12C0EA81C125B1D00A879DC = {
			isa = PBXGroup;
			children = (
				A12C0EB31C125B1D00A879DC /* tipCalc */,
				A12C0EB21C125B1D00A879DC /* Products */,
			);
			sourceTree = "<group>";
		};
		A12C0EB21C125B1D00A879DC /* Products */ = {
			isa = PBXGroup;
			children = (
				A12C0EB11C125B1D00A879DC /* tipCalc.app */,
			);
			name = Products;
			sourceTree = "<group>";
		};
		A12C0EB31C125B1D00A879DC /* tipCalc */ = {
			isa = PBXGroup;
			children = (
				A12C0EB41C125B1D00A879DC /* AppDelegate.swift */,
				A12C0EB61C125B1D00A879DC /* ViewController.swift */,
				A12C0EB81C125B1D00A879DC /* Main.storyboard */,
				A12C0EC61C1533EC00A879DC /* SettingsViewController.swift */,
				A12C0EBB1C125B1D00A879DC /* Assets.xcassets */,
				A12C0EBD1C125B1D00A879DC /* LaunchScreen.storyboard */,
				A12C0EC01C125B1D00A879DC /* Info.plist */,
			);
			path = tipCalc;
			sourceTree = "<group>";
		};
/* End PBXGroup section */

/* Begin PBXNativeTarget section */
		A12C0EB01C125B1D00A879DC /* tipCalc */ = {
			isa = PBXNativeTarget;
			buildConfigurationList = A12C0EC31C125B1D00A879DC /* Build configuration list for PBXNativeTarget "tipCalc" */;
			buildPhases = (
				A12C0EAD1C125B1D00A879DC /* Sources */,
				A12C0EAE1C125B1D00A879DC /* Frameworks */,
				A12C0EAF1C125B1D00A879DC /* Resources */,
			);
			buildRules = (
			);
			dependencies = (
			);
			name = tipCalc;
			productName = tipCalc;
			productReference = A12C0EB11C125B1D00A879DC /* tipCalc.app */;
			productType = "com.apple.product-type.application";
		};
/* End PBXNativeTarget section */

/* Begin PBXProject section */
		A12C0EA91C125B1D00A879DC /* Project object */ = {
			isa = PBXProject;
			attributes = {
				LastSwiftUpdateCheck = 0710;
				LastUpgradeCheck = 0710;
				ORGANIZATIONNAME = "Eric Suarez";
				TargetAttributes = {
					A12C0EB01C125B1D00A879DC = {
						CreatedOnToolsVersion = 7.1.1;
					};
				};
			};
			buildConfigurationList = A12C0EAC1C125B1D00A879DC /* Build configuration list for PBXProject "tipCalc" */;
			compatibilityVersion = "Xcode 3.2";
			developmentRegion = English;
			hasScannedForEncodings = 0;
			knownRegions = (
				en,
				Base,
			);
			mainGroup = A12C0EA81C125B1D00A879DC;
			productRefGroup = A12C0EB21C125B1D00A879DC /* Products */;
			projectDirPath = "";
			projectRoot = "";
			targets = (
				A12C0EB01C125B1D00A879DC /* tipCalc */,
			);
		};
/* End PBXProject section */

/* Begin PBXResourcesBuildPhase section */
		A12C0EAF1C125B1D00A879DC /* Resources */ = {
			isa = PBXResourcesBuildPhase;
			buildActionMask = 2147483647;
			files = (
				A12C0EBF1C125B1D00A879DC /* LaunchScreen.storyboard in Resources */,
				A12C0EBC1C125B1D00A879DC /* Assets.xcassets in Resources */,
				A12C0EBA1C125B1D00A879DC /* Main.storyboard in Resources */,
			);
			runOnlyForDeploymentPostprocessing = 0;
		};
/* End PBXResourcesBuildPhase section */

/* Begin PBXSourcesBuildPhase section */
		A12C0EAD1C125B1D00A879DC /* Sources */ = {
			isa = PBXSourcesBuildPhase;
			buildActionMask = 2147483647;
			files = (
				A12C0EB71C125B1D00A879DC /* ViewController.swift in Sources */,
				A12C0EB51C125B1D00A879DC /* AppDelegate.swift in Sources */,
				A12C0EC71C1533EC00A879DC /* SettingsViewController.swift in Sources */,
			);
			runOnlyForDeploymentPostprocessing = 0;
		};
/* End PBXSourcesBuildPhase section */

/* Begin PBXVariantGroup section */
		A12C0EB81C125B1D00A879DC /* Main.storyboard */ = {
			isa = PBXVariantGroup;
			children = (
				A12C0EB91C125B1D00A879DC /* Base */,
			);
			name = Main.storyboard;
			sourceTree = "<group>";
		};
		A12C0EBD1C125B1D00A879DC /* LaunchScreen.storyboard */ = {
			isa = PBXVariantGroup;
			children = (
				A12C0EBE1C125B1D00A879DC /* Base */,
			);
			name = LaunchScreen.storyboard;
			sourceTree = "<group>";
		};
/* End PBXVariantGroup section */

/* Begin XCBuildConfiguration section */
		A12C0EC11C125B1D00A879DC /* Debug */ = {
			isa = XCBuildConfiguration;
			buildSettings = {
				ALWAYS_SEARCH_USER_PATHS = NO;
				CLANG_CXX_LANGUAGE_STANDARD = "gnu++0x";
				CLANG_CXX_LIBRARY = "libc++";
				CLANG_ENABLE_MODULES = YES;
				CLANG_ENABLE_OBJC_ARC = YES;
				CLANG_WARN_BOOL_CONVERSION = YES;
				CLANG_WARN_CONSTANT_CONVERSION = YES;
				CLANG_WARN_DIRECT_OBJC_ISA_USAGE = YES_ERROR;
				CLANG_WARN_EMPTY_BODY = YES;
				CLANG_WARN_ENUM_CONVERSION = YES;
				CLANG_WARN_INT_CONVERSION = YES;
				CLANG_WARN_OBJC_ROOT_CLASS = YES_ERROR;
				CLANG_WARN_UNREACHABLE_CODE = YES;
				CLANG_WARN__DUPLICATE_METHOD_MATCH = YES;
				"CODE_SIGN_IDENTITY[sdk=iphoneos*]" = "iPhone Developer";
				COPY_PHASE_STRIP = NO;
				DEBUG_INFORMATION_FORMAT = dwarf;
				ENABLE_STRICT_OBJC_MSGSEND = YES;
				ENABLE_TESTABILITY = YES;
				GCC_C_LANGUAGE_STANDARD = gnu99;
				GCC_DYNAMIC_NO_PIC = NO;
				GCC_NO_COMMON_BLOCKS = YES;
				GCC_OPTIMIZATION_LEVEL = 0;
				GCC_PREPROCESSOR_DEFINITIONS = (
					"DEBUG=1",
					"$(inherited)",
				);
				GCC_WARN_64_TO_32_BIT_CONVERSION = YES;
				GCC_WARN_ABOUT_RETURN_TYPE = YES_ERROR;
				GCC_WARN_UNDECLARED_SELECTOR = YES;
				GCC_WARN_UNINITIALIZED_AUTOS = YES_AGGRESSIVE;
				GCC_WARN_UNUSED_FUNCTION = YES;
				GCC_WARN_UNUSED_VARIABLE = YES;
				IPHONEOS_DEPLOYMENT_TARGET = 9.1;
				MTL_ENABLE_DEBUG_INFO = YES;
				ONLY_ACTIVE_ARCH = YES;
				SDKROOT = iphoneos;
				SWIFT_OPTIMIZATION_LEVEL = "-Onone";
			};
			name = Debug;
		};
		A12C0EC21C125B1D00A879DC /* Release */ = {
			isa = XCBuildConfiguration;
			buildSettings = {
				ALWAYS_SEARCH_USER_PATHS = NO;
				CLANG_CXX_LANGUAGE_STANDARD = "gnu++0x";
				CLANG_CXX_LIBRARY = "libc++";
				CLANG_ENABLE_MODULES = YES;
				CLANG_ENABLE_OBJC_ARC = YES;
				CLANG_WARN_BOOL_CONVERSION = YES;
				CLANG_WARN_CONSTANT_CONVERSION = YES;
				CLANG_WARN_DIRECT_OBJC_ISA_USAGE = YES_ERROR;
				CLANG_WARN_EMPTY_BODY = YES;
				CLANG_WARN_ENUM_CONVERSION = YES;
				CLANG_WARN_INT_CONVERSION = YES;
				CLANG_WARN_OBJC_ROOT_CLASS = YES_ERROR;
				CLANG_WARN_UNREACHABLE_CODE = YES;
				CLANG_WARN__DUPLICATE_METHOD_MATCH = YES;
				"CODE_SIGN_IDENTITY[sdk=iphoneos*]" = "iPhone Developer";
				COPY_PHASE_STRIP = NO;
				DEBUG_INFORMATION_FORMAT = "dwarf-with-dsym";
				ENABLE_NS_ASSERTIONS = NO;
				ENABLE_STRICT_OBJC_MSGSEND = YES;
				GCC_C_LANGUAGE_STANDARD = gnu99;
				GCC_NO_COMMON_BLOCKS = YES;
				GCC_WARN_64_TO_32_BIT_CONVERSION = YES;
				GCC_WARN_ABOUT_RETURN_TYPE = YES_ERROR;
				GCC_WARN_UNDECLARED_SELECTOR = YES;
				GCC_WARN_UNINITIALIZED_AUTOS = YES_AGGRESSIVE;
				GCC_WARN_UNUSED_FUNCTION = YES;
				GCC_WARN_UNUSED_VARIABLE = YES;
				IPHONEOS_DEPLOYMENT_TARGET = 9.1;
				MTL_ENABLE_DEBUG_INFO = NO;
				SDKROOT = iphoneos;
				VALIDATE_PRODUCT = YES;
			};
			name = Release;
		};
		A12C0EC41C125B1D00A879DC /* Debug */ = {
			isa = XCBuildConfiguration;
			buildSettings = {
				ASSETCATALOG_COMPILER_APPICON_NAME = AppIcon;
				INFOPLIST_FILE = tipCalc/Info.plist;
				IPHONEOS_DEPLOYMENT_TARGET = 7.0;
				LD_RUNPATH_SEARCH_PATHS = "$(inherited) @executable_path/Frameworks";
				PRODUCT_BUNDLE_IDENTIFIER = com.eric.tipCalc;
				PRODUCT_NAME = "$(TARGET_NAME)";
			};
			name = Debug;
		};
		A12C0EC51C125B1D00A879DC /* Release */ = {
			isa = XCBuildConfiguration;
			buildSettings = {
				ASSETCATALOG_COMPILER_APPICON_NAME = AppIcon;
				INFOPLIST_FILE = tipCalc/Info.plist;
				IPHONEOS_DEPLOYMENT_TARGET = 7.0;
				LD_RUNPATH_SEARCH_PATHS = "$(inherited) @executable_path/Frameworks";
				PRODUCT_BUNDLE_IDENTIFIER = com.eric.tipCalc;
				PRODUCT_NAME = "$(TARGET_NAME)";
			};
			name = Release;
		};
/* End XCBuildConfiguration section */

/* Begin XCConfigurationList section */
		A12C0EAC1C125B1D00A879DC /* Build configuration list for PBXProject "tipCalc" */ = {
			isa = XCConfigurationList;
			buildConfigurations = (
				A12C0EC11C125B1D00A879DC /* Debug */,
				A12C0EC21C125B1D00A879DC /* Release */,
			);
			defaultConfigurationIsVisible = 0;
			defaultConfigurationName = Release;
		};
		A12C0EC31C125B1D00A879DC /* Build configuration list for PBXNativeTarget "tipCalc" */ = {
			isa = XCConfigurationList;
			buildConfigurations = (
				A12C0EC41C125B1D00A879DC /* Debug */,
				A12C0EC51C125B1D00A879DC /* Release */,
			);
			defaultConfigurationIsVisible = 0;
			defaultConfigurationName = Release;
		};
/* End XCConfigurationList section */
	};
	rootObject = A12C0EA91C125B1D00A879DC /* Project object */;
}
